
Microsoft Visual Studio Solution File, Format Version 12.00
# Visual Studio Version 17
VisualStudioVersion = 17.12.35506.116
MinimumVisualStudioVersion = 10.0.40219.1
Project("{FAE04EC0-301F-11D3-BF4B-00C04F79EFBC}") = "Lesson7", "Lesson7\Lesson7.csproj", "{C0F6B901-7A1B-4876-A48F-392CF90C08DE}"
EndProject
Project("{FAE04EC0-301F-11D3-BF4B-00C04F79EFBC}") = "Lesson7_Exception", "Lesson7_Exception\Lesson7_Exception.csproj", "{3A4C50B4-FC9A-4CAE-B0AF-AFE1926E403C}"
EndProject
Project("{FAE04EC0-301F-11D3-BF4B-00C04F79EFBC}") = "lab_7_1", "lab_7_1\lab_7_1.csproj", "{BA2EFF5B-AE27-4E70-B03B-7F7D9C618E8D}"
EndProject
Project("{FAE04EC0-301F-11D3-BF4B-00C04F79EFBC}") = "lab_7_2", "lab_7_2\lab_7_2.csproj", "{438ECAE8-322B-45CA-99A1-FA715B9AD88B}"
EndProject
Project("{FAE04EC0-301F-11D3-BF4B-00C04F79EFBC}") = "lab_7_3", "lab_7_3\lab_7_3.csproj", "{5D91537B-1917-43E3-B530-20CE97BDF3AF}"
EndProject
Project("{FAE04EC0-301F-11D3-BF4B-00C04F79EFBC}") = "lab_7_4", "lab_7_4\lab_7_4.csproj", "{C4D5A365-3B45-4C18-8163-FE70FD81D694}"
EndProject
Project("{FAE04EC0-301F-11D3-BF4B-00C04F79EFBC}") = "lab_7_01", "lab_7_01\lab_7_01.csproj", "{E3B03AD3-179C-4A2E-B907-DFE184629875}"
EndProject
Global
	GlobalSection(SolutionConfigurationPlatforms) = preSolution
		Debug|Any CPU = Debug|Any CPU
		Release|Any CPU = Release|Any CPU
	EndGlobalSection
	GlobalSection(ProjectConfigurationPlatforms) = postSolution
		{C0F6B901-7A1B-4876-A48F-392CF90C08DE}.Debug|Any CPU.ActiveCfg = Debug|Any CPU
		{C0F6B901-7A1B-4876-A48F-392CF90C08DE}.Debug|Any CPU.Build.0 = Debug|Any CPU
		{C0F6B901-7A1B-4876-A48F-392CF90C08DE}.Release|Any CPU.ActiveCfg = Release|Any CPU
		{C0F6B901-7A1B-4876-A48F-392CF90C08DE}.Release|Any CPU.Build.0 = Release|Any CPU
		{3A4C50B4-FC9A-4CAE-B0AF-AFE1926E403C}.Debug|Any CPU.ActiveCfg = Debug|Any CPU
		{3A4C50B4-FC9A-4CAE-B0AF-AFE1926E403C}.Debug|Any CPU.Build.0 = Debug|Any CPU
		{3A4C50B4-FC9A-4CAE-B0AF-AFE1926E403C}.Release|Any CPU.ActiveCfg = Release|Any CPU
		{3A4C50B4-FC9A-4CAE-B0AF-AFE1926E403C}.Release|Any CPU.Build.0 = Release|Any CPU
		{BA2EFF5B-AE27-4E70-B03B-7F7D9C618E8D}.Debug|Any CPU.ActiveCfg = Debug|Any CPU
		{BA2EFF5B-AE27-4E70-B03B-7F7D9C618E8D}.Debug|Any CPU.Build.0 = Debug|Any CPU
		{BA2EFF5B-AE27-4E70-B03B-7F7D9C618E8D}.Release|Any CPU.ActiveCfg = Release|Any CPU
		{BA2EFF5B-AE27-4E70-B03B-7F7D9C618E8D}.Release|Any CPU.Build.0 = Release|Any CPU
		{438ECAE8-322B-45CA-99A1-FA715B9AD88B}.Debug|Any CPU.ActiveCfg = Debug|Any CPU
		{438ECAE8-322B-45CA-99A1-FA715B9AD88B}.Debug|Any CPU.Build.0 = Debug|Any CPU
		{438ECAE8-322B-45CA-99A1-FA715B9AD88B}.Release|Any CPU.ActiveCfg = Release|Any CPU
		{438ECAE8-322B-45CA-99A1-FA715B9AD88B}.Release|Any CPU.Build.0 = Release|Any CPU
		{5D91537B-1917-43E3-B530-20CE97BDF3AF}.Debug|Any CPU.ActiveCfg = Debug|Any CPU
		{5D91537B-1917-43E3-B530-20CE97BDF3AF}.Debug|Any CPU.Build.0 = Debug|Any CPU
		{5D91537B-1917-43E3-B530-20CE97BDF3AF}.Release|Any CPU.ActiveCfg = Release|Any CPU
		{5D91537B-1917-43E3-B530-20CE97BDF3AF}.Release|Any CPU.Build.0 = Release|Any CPU
		{C4D5A365-3B45-4C18-8163-FE70FD81D694}.Debug|Any CPU.ActiveCfg = Debug|Any CPU
		{C4D5A365-3B45-4C18-8163-FE70FD81D694}.Debug|Any CPU.Build.0 = Debug|Any CPU
		{C4D5A365-3B45-4C18-8163-FE70FD81D694}.Release|Any CPU.ActiveCfg = Release|Any CPU
		{C4D5A365-3B45-4C18-8163-FE70FD81D694}.Release|Any CPU.Build.0 = Release|Any CPU
		{E3B03AD3-179C-4A2E-B907-DFE184629875}.Debug|Any CPU.ActiveCfg = Debug|Any CPU
		{E3B03AD3-179C-4A2E-B907-DFE184629875}.Debug|Any CPU.Build.0 = Debug|Any CPU
		{E3B03AD3-179C-4A2E-B907-DFE184629875}.Release|Any CPU.ActiveCfg = Release|Any CPU
		{E3B03AD3-179C-4A2E-B907-DFE184629875}.Release|Any CPU.Build.0 = Release|Any CPU
	EndGlobalSection
	GlobalSection(SolutionProperties) = preSolution
		HideSolutionNode = FALSE
	EndGlobalSection
EndGlobal
